
Microsoft Visual Studio Solution File, Format Version 12.00
# Visual Studio Version 16
VisualStudioVersion = 16.0.31005.135
MinimumVisualStudioVersion = 10.0.40219.1
Project("{FAE04EC0-301F-11D3-BF4B-00C04F79EFBC}") = "YoutubeDownloader.Web", "Youtunnbe\YoutubeDownloader.Web.csproj", "{575A1AFC-3F06-4D07-AE20-B97FA9037524}"
EndProject
Project("{9A19103F-16F7-4668-BE54-9A1E7A4F7556}") = "YoutubeDownloader.Model", "YoutubeDownloader.Model\YoutubeDownloader.Model.csproj", "{83B16DEC-D1B0-4F4B-BF5B-5A16D075739C}"
EndProject
Project("{9A19103F-16F7-4668-BE54-9A1E7A4F7556}") = "YoutubeDownloader.Interface", "YoutubeDownloader.Interface\YoutubeDownloader.Interface.csproj", "{6E3ECE0D-776C-43FA-B735-755900CE26BA}"
EndProject
Project("{FAE04EC0-301F-11D3-BF4B-00C04F79EFBC}") = "YoutubeDownloader.DesktopConsole", "YoutubeDownloader.DesktopConsole\YoutubeDownloader.DesktopConsole.csproj", "{D3BA112F-A334-4DB2-801C-7EEF316381D3}"
EndProject
Project("{FAE04EC0-301F-11D3-BF4B-00C04F79EFBC}") = "YoutubeDownloader.Business", "YoutubeDownloader.Business\YoutubeDownloader.Business.csproj", "{9A8B62C1-C417-4F1D-BCE6-83BE42D51812}"
EndProject
Global
	GlobalSection(SolutionConfigurationPlatforms) = preSolution
		Debug|Any CPU = Debug|Any CPU
		Release|Any CPU = Release|Any CPU
	EndGlobalSection
	GlobalSection(ProjectConfigurationPlatforms) = postSolution
		{575A1AFC-3F06-4D07-AE20-B97FA9037524}.Debug|Any CPU.ActiveCfg = Debug|Any CPU
		{575A1AFC-3F06-4D07-AE20-B97FA9037524}.Debug|Any CPU.Build.0 = Debug|Any CPU
		{575A1AFC-3F06-4D07-AE20-B97FA9037524}.Release|Any CPU.ActiveCfg = Release|Any CPU
		{575A1AFC-3F06-4D07-AE20-B97FA9037524}.Release|Any CPU.Build.0 = Release|Any CPU
		{83B16DEC-D1B0-4F4B-BF5B-5A16D075739C}.Debug|Any CPU.ActiveCfg = Debug|Any CPU
		{83B16DEC-D1B0-4F4B-BF5B-5A16D075739C}.Debug|Any CPU.Build.0 = Debug|Any CPU
		{83B16DEC-D1B0-4F4B-BF5B-5A16D075739C}.Release|Any CPU.ActiveCfg = Release|Any CPU
		{83B16DEC-D1B0-4F4B-BF5B-5A16D075739C}.Release|Any CPU.Build.0 = Release|Any CPU
		{6E3ECE0D-776C-43FA-B735-755900CE26BA}.Debug|Any CPU.ActiveCfg = Debug|Any CPU
		{6E3ECE0D-776C-43FA-B735-755900CE26BA}.Debug|Any CPU.Build.0 = Debug|Any CPU
		{6E3ECE0D-776C-43FA-B735-755900CE26BA}.Release|Any CPU.ActiveCfg = Release|Any CPU
		{6E3ECE0D-776C-43FA-B735-755900CE26BA}.Release|Any CPU.Build.0 = Release|Any CPU
		{D3BA112F-A334-4DB2-801C-7EEF316381D3}.Debug|Any CPU.ActiveCfg = Debug|Any CPU
		{D3BA112F-A334-4DB2-801C-7EEF316381D3}.Debug|Any CPU.Build.0 = Debug|Any CPU
		{D3BA112F-A334-4DB2-801C-7EEF316381D3}.Release|Any CPU.ActiveCfg = Release|Any CPU
		{D3BA112F-A334-4DB2-801C-7EEF316381D3}.Release|Any CPU.Build.0 = Release|Any CPU
		{9A8B62C1-C417-4F1D-BCE6-83BE42D51812}.Debug|Any CPU.ActiveCfg = Debug|Any CPU
		{9A8B62C1-C417-4F1D-BCE6-83BE42D51812}.Debug|Any CPU.Build.0 = Debug|Any CPU
		{9A8B62C1-C417-4F1D-BCE6-83BE42D51812}.Release|Any CPU.ActiveCfg = Release|Any CPU
		{9A8B62C1-C417-4F1D-BCE6-83BE42D51812}.Release|Any CPU.Build.0 = Release|Any CPU
	EndGlobalSection
	GlobalSection(SolutionProperties) = preSolution
		HideSolutionNode = FALSE
	EndGlobalSection
	GlobalSection(ExtensibilityGlobals) = postSolution
		SolutionGuid = {6B0D5E6A-9FFA-4769-8BAD-FC3A08FB5758}
	EndGlobalSection
EndGlobal
